
Microsoft Visual Studio Solution File, Format Version 12.00
# Visual Studio Version 17
VisualStudioVersion = 17.5.002.0
MinimumVisualStudioVersion = 10.0.40219.1
Project("{2150E333-8FDC-42A3-9474-1A3956D46DE8}") = "sandbox", "sandbox", "{9E33022A-E56F-460A-8736-333F8257D537}"
EndProject
Project("{9A19103F-16F7-4668-BE54-9A1E7A4F7556}") = "sandbox_project", "sandbox\sandbox_project\sandbox_project.csproj", "{8EC3BA55-70A6-4628-A9A5-D45122D4F6B5}"
EndProject
Project("{2150E333-8FDC-42A3-9474-1A3956D46DE8}") = "week01", "week01", "{9E0ADC2C-0B8F-4062-9F5E-DA344CE3E968}"
EndProject
Project("{9A19103F-16F7-4668-BE54-9A1E7A4F7556}") = "analyze", "week01\analyze\analyze.csproj", "{D198A6A1-2CF4-474E-9BC0-1D64B4D9425B}"
EndProject
Project("{9A19103F-16F7-4668-BE54-9A1E7A4F7556}") = "code", "week01\code\code.csproj", "{0B2E105A-8E5A-47BB-9CB3-1B9671704A1F}"
EndProject
Project("{9A19103F-16F7-4668-BE54-9A1E7A4F7556}") = "teach", "week01\teach\teach.csproj", "{3D34240B-4C69-4A0D-BB63-49618C5EE530}"
EndProject
Project("{2150E333-8FDC-42A3-9474-1A3956D46DE8}") = "week02", "week02", "{A7A90D6E-7757-4BA0-B5A0-3F72EC92182A}"
EndProject
Project("{9A19103F-16F7-4668-BE54-9A1E7A4F7556}") = "analyze", "week02\analyze\analyze.csproj", "{C14C7E56-46E9-4A23-ACD2-7261BC4BB294}"
EndProject
Project("{9A19103F-16F7-4668-BE54-9A1E7A4F7556}") = "code", "week02\code\code.csproj", "{FA78E943-0C95-4406-9328-69E12EA384B6}"
EndProject
Project("{9A19103F-16F7-4668-BE54-9A1E7A4F7556}") = "learn", "week02\learn\learn.csproj", "{D19BD31F-91D4-4072-8EB1-B449B2A2836B}"
EndProject
Project("{9A19103F-16F7-4668-BE54-9A1E7A4F7556}") = "teach", "week02\teach\teach.csproj", "{727C47D9-80AA-411E-8118-978F5360E3CD}"
EndProject
Project("{2150E333-8FDC-42A3-9474-1A3956D46DE8}") = "week03", "week03", "{4D5B9750-AEA7-4EA9-9AC3-2BE23856A74A}"
EndProject
Project("{9A19103F-16F7-4668-BE54-9A1E7A4F7556}") = "code", "week03\code\code.csproj", "{E0A351B2-BA55-4E59-8CD9-97E4E34C04C9}"
EndProject
Project("{9A19103F-16F7-4668-BE54-9A1E7A4F7556}") = "learn", "week03\learn\learn.csproj", "{14BCF557-B360-4FB3-BE78-1EAC642B740F}"
EndProject
Project("{9A19103F-16F7-4668-BE54-9A1E7A4F7556}") = "teach", "week03\teach\teach.csproj", "{2B2E967E-F235-4F8E-B447-DCCC859C954E}"
EndProject
Project("{2150E333-8FDC-42A3-9474-1A3956D46DE8}") = "week04", "week04", "{B5C66C79-FE74-4276-B8EF-8DB520EC3795}"
EndProject
Project("{9A19103F-16F7-4668-BE54-9A1E7A4F7556}") = "code", "week04\code\code.csproj", "{07968100-88CC-4ED2-B586-82711480FA5D}"
EndProject
Project("{2150E333-8FDC-42A3-9474-1A3956D46DE8}") = "week05", "week05", "{1F584ED4-38FC-4A2A-904C-2859971A4C50}"
EndProject
Project("{9A19103F-16F7-4668-BE54-9A1E7A4F7556}") = "code", "week05\code\code.csproj", "{B86BCE14-488E-4994-AA60-AD9EAAF06AAA}"
EndProject
Project("{2150E333-8FDC-42A3-9474-1A3956D46DE8}") = "week06", "week06", "{4877527F-D62A-4240-A998-D9BD530BE43C}"
EndProject
Project("{9A19103F-16F7-4668-BE54-9A1E7A4F7556}") = "code", "week06\code\code.csproj", "{8019AB5D-3273-449F-88E4-BCDFFD2D22DC}"
EndProject
Global
	GlobalSection(SolutionConfigurationPlatforms) = preSolution
		Debug|Any CPU = Debug|Any CPU
		Release|Any CPU = Release|Any CPU
	EndGlobalSection
	GlobalSection(ProjectConfigurationPlatforms) = postSolution
		{8EC3BA55-70A6-4628-A9A5-D45122D4F6B5}.Debug|Any CPU.ActiveCfg = Debug|Any CPU
		{8EC3BA55-70A6-4628-A9A5-D45122D4F6B5}.Debug|Any CPU.Build.0 = Debug|Any CPU
		{8EC3BA55-70A6-4628-A9A5-D45122D4F6B5}.Release|Any CPU.ActiveCfg = Release|Any CPU
		{8EC3BA55-70A6-4628-A9A5-D45122D4F6B5}.Release|Any CPU.Build.0 = Release|Any CPU
		{D198A6A1-2CF4-474E-9BC0-1D64B4D9425B}.Debug|Any CPU.ActiveCfg = Debug|Any CPU
		{D198A6A1-2CF4-474E-9BC0-1D64B4D9425B}.Debug|Any CPU.Build.0 = Debug|Any CPU
		{D198A6A1-2CF4-474E-9BC0-1D64B4D9425B}.Release|Any CPU.ActiveCfg = Release|Any CPU
		{D198A6A1-2CF4-474E-9BC0-1D64B4D9425B}.Release|Any CPU.Build.0 = Release|Any CPU
		{0B2E105A-8E5A-47BB-9CB3-1B9671704A1F}.Debug|Any CPU.ActiveCfg = Debug|Any CPU
		{0B2E105A-8E5A-47BB-9CB3-1B9671704A1F}.Debug|Any CPU.Build.0 = Debug|Any CPU
		{0B2E105A-8E5A-47BB-9CB3-1B9671704A1F}.Release|Any CPU.ActiveCfg = Release|Any CPU
		{0B2E105A-8E5A-47BB-9CB3-1B9671704A1F}.Release|Any CPU.Build.0 = Release|Any CPU
		{3D34240B-4C69-4A0D-BB63-49618C5EE530}.Debug|Any CPU.ActiveCfg = Debug|Any CPU
		{3D34240B-4C69-4A0D-BB63-49618C5EE530}.Debug|Any CPU.Build.0 = Debug|Any CPU
		{3D34240B-4C69-4A0D-BB63-49618C5EE530}.Release|Any CPU.ActiveCfg = Release|Any CPU
		{3D34240B-4C69-4A0D-BB63-49618C5EE530}.Release|Any CPU.Build.0 = Release|Any CPU
		{C14C7E56-46E9-4A23-ACD2-7261BC4BB294}.Debug|Any CPU.ActiveCfg = Debug|Any CPU
		{C14C7E56-46E9-4A23-ACD2-7261BC4BB294}.Debug|Any CPU.Build.0 = Debug|Any CPU
		{C14C7E56-46E9-4A23-ACD2-7261BC4BB294}.Release|Any CPU.ActiveCfg = Release|Any CPU
		{C14C7E56-46E9-4A23-ACD2-7261BC4BB294}.Release|Any CPU.Build.0 = Release|Any CPU
		{FA78E943-0C95-4406-9328-69E12EA384B6}.Debug|Any CPU.ActiveCfg = Debug|Any CPU
		{FA78E943-0C95-4406-9328-69E12EA384B6}.Debug|Any CPU.Build.0 = Debug|Any CPU
		{FA78E943-0C95-4406-9328-69E12EA384B6}.Release|Any CPU.ActiveCfg = Release|Any CPU
		{FA78E943-0C95-4406-9328-69E12EA384B6}.Release|Any CPU.Build.0 = Release|Any CPU
		{D19BD31F-91D4-4072-8EB1-B449B2A2836B}.Debug|Any CPU.ActiveCfg = Debug|Any CPU
		{D19BD31F-91D4-4072-8EB1-B449B2A2836B}.Debug|Any CPU.Build.0 = Debug|Any CPU
		{D19BD31F-91D4-4072-8EB1-B449B2A2836B}.Release|Any CPU.ActiveCfg = Release|Any CPU
		{D19BD31F-91D4-4072-8EB1-B449B2A2836B}.Release|Any CPU.Build.0 = Release|Any CPU
		{727C47D9-80AA-411E-8118-978F5360E3CD}.Debug|Any CPU.ActiveCfg = Debug|Any CPU
		{727C47D9-80AA-411E-8118-978F5360E3CD}.Debug|Any CPU.Build.0 = Debug|Any CPU
		{727C47D9-80AA-411E-8118-978F5360E3CD}.Release|Any CPU.ActiveCfg = Release|Any CPU
		{727C47D9-80AA-411E-8118-978F5360E3CD}.Release|Any CPU.Build.0 = Release|Any CPU
		{E0A351B2-BA55-4E59-8CD9-97E4E34C04C9}.Debug|Any CPU.ActiveCfg = Debug|Any CPU
		{E0A351B2-BA55-4E59-8CD9-97E4E34C04C9}.Debug|Any CPU.Build.0 = Debug|Any CPU
		{E0A351B2-BA55-4E59-8CD9-97E4E34C04C9}.Release|Any CPU.ActiveCfg = Release|Any CPU
		{E0A351B2-BA55-4E59-8CD9-97E4E34C04C9}.Release|Any CPU.Build.0 = Release|Any CPU
		{14BCF557-B360-4FB3-BE78-1EAC642B740F}.Debug|Any CPU.ActiveCfg = Debug|Any CPU
		{14BCF557-B360-4FB3-BE78-1EAC642B740F}.Debug|Any CPU.Build.0 = Debug|Any CPU
		{14BCF557-B360-4FB3-BE78-1EAC642B740F}.Release|Any CPU.ActiveCfg = Release|Any CPU
		{14BCF557-B360-4FB3-BE78-1EAC642B740F}.Release|Any CPU.Build.0 = Release|Any CPU
		{2B2E967E-F235-4F8E-B447-DCCC859C954E}.Debug|Any CPU.ActiveCfg = Debug|Any CPU
		{2B2E967E-F235-4F8E-B447-DCCC859C954E}.Debug|Any CPU.Build.0 = Debug|Any CPU
		{2B2E967E-F235-4F8E-B447-DCCC859C954E}.Release|Any CPU.ActiveCfg = Release|Any CPU
		{2B2E967E-F235-4F8E-B447-DCCC859C954E}.Release|Any CPU.Build.0 = Release|Any CPU
		{07968100-88CC-4ED2-B586-82711480FA5D}.Debug|Any CPU.ActiveCfg = Debug|Any CPU
		{07968100-88CC-4ED2-B586-82711480FA5D}.Debug|Any CPU.Build.0 = Debug|Any CPU
		{07968100-88CC-4ED2-B586-82711480FA5D}.Release|Any CPU.ActiveCfg = Release|Any CPU
		{07968100-88CC-4ED2-B586-82711480FA5D}.Release|Any CPU.Build.0 = Release|Any CPU
		{B86BCE14-488E-4994-AA60-AD9EAAF06AAA}.Debug|Any CPU.ActiveCfg = Debug|Any CPU
		{B86BCE14-488E-4994-AA60-AD9EAAF06AAA}.Debug|Any CPU.Build.0 = Debug|Any CPU
		{B86BCE14-488E-4994-AA60-AD9EAAF06AAA}.Release|Any CPU.ActiveCfg = Release|Any CPU
		{B86BCE14-488E-4994-AA60-AD9EAAF06AAA}.Release|Any CPU.Build.0 = Release|Any CPU
		{8019AB5D-3273-449F-88E4-BCDFFD2D22DC}.Debug|Any CPU.ActiveCfg = Debug|Any CPU
		{8019AB5D-3273-449F-88E4-BCDFFD2D22DC}.Debug|Any CPU.Build.0 = Debug|Any CPU
		{8019AB5D-3273-449F-88E4-BCDFFD2D22DC}.Release|Any CPU.ActiveCfg = Release|Any CPU
		{8019AB5D-3273-449F-88E4-BCDFFD2D22DC}.Release|Any CPU.Build.0 = Release|Any CPU
	EndGlobalSection
	GlobalSection(SolutionProperties) = preSolution
		HideSolutionNode = FALSE
	EndGlobalSection
	GlobalSection(NestedProjects) = preSolution
		{8EC3BA55-70A6-4628-A9A5-D45122D4F6B5} = {9E33022A-E56F-460A-8736-333F8257D537}
		{D198A6A1-2CF4-474E-9BC0-1D64B4D9425B} = {9E0ADC2C-0B8F-4062-9F5E-DA344CE3E968}
		{0B2E105A-8E5A-47BB-9CB3-1B9671704A1F} = {9E0ADC2C-0B8F-4062-9F5E-DA344CE3E968}
		{3D34240B-4C69-4A0D-BB63-49618C5EE530} = {9E0ADC2C-0B8F-4062-9F5E-DA344CE3E968}
		{C14C7E56-46E9-4A23-ACD2-7261BC4BB294} = {A7A90D6E-7757-4BA0-B5A0-3F72EC92182A}
		{FA78E943-0C95-4406-9328-69E12EA384B6} = {A7A90D6E-7757-4BA0-B5A0-3F72EC92182A}
		{D19BD31F-91D4-4072-8EB1-B449B2A2836B} = {A7A90D6E-7757-4BA0-B5A0-3F72EC92182A}
		{727C47D9-80AA-411E-8118-978F5360E3CD} = {A7A90D6E-7757-4BA0-B5A0-3F72EC92182A}
		{E0A351B2-BA55-4E59-8CD9-97E4E34C04C9} = {4D5B9750-AEA7-4EA9-9AC3-2BE23856A74A}
		{14BCF557-B360-4FB3-BE78-1EAC642B740F} = {4D5B9750-AEA7-4EA9-9AC3-2BE23856A74A}
		{2B2E967E-F235-4F8E-B447-DCCC859C954E} = {4D5B9750-AEA7-4EA9-9AC3-2BE23856A74A}
		{07968100-88CC-4ED2-B586-82711480FA5D} = {B5C66C79-FE74-4276-B8EF-8DB520EC3795}
		{B86BCE14-488E-4994-AA60-AD9EAAF06AAA} = {1F584ED4-38FC-4A2A-904C-2859971A4C50}
		{8019AB5D-3273-449F-88E4-BCDFFD2D22DC} = {4877527F-D62A-4240-A998-D9BD530BE43C}
	EndGlobalSection
	GlobalSection(ExtensibilityGlobals) = postSolution
		SolutionGuid = {F0752C06-EB7A-4052-9669-501C2E7FEA34}
	EndGlobalSection
EndGlobal
